
Microsoft Visual Studio Solution File, Format Version 12.00
# Visual Studio 15
VisualStudioVersion = 15.0.27703.2000
MinimumVisualStudioVersion = 10.0.40219.1
Project("{9A19103F-16F7-4668-BE54-9A1E7A4F7556}") = "server", "server.csproj", "{AD4A25CC-FA99-412C-9AB2-2A51D02FD721}"
EndProject
Global
	GlobalSection(SolutionConfigurationPlatforms) = preSolution
		Debug|Any CPU = Debug|Any CPU
		Release|Any CPU = Release|Any CPU
	EndGlobalSection
	GlobalSection(ProjectConfigurationPlatforms) = postSolution
		{AD4A25CC-FA99-412C-9AB2-2A51D02FD721}.Debug|Any CPU.ActiveCfg = Debug|Any CPU
		{AD4A25CC-FA99-412C-9AB2-2A51D02FD721}.Debug|Any CPU.Build.0 = Debug|Any CPU
		{AD4A25CC-FA99-412C-9AB2-2A51D02FD721}.Release|Any CPU.ActiveCfg = Release|Any CPU
		{AD4A25CC-FA99-412C-9AB2-2A51D02FD721}.Release|Any CPU.Build.0 = Release|Any CPU
	EndGlobalSection
	GlobalSection(SolutionProperties) = preSolution
		HideSolutionNode = FALSE
	EndGlobalSection
	GlobalSection(ExtensibilityGlobals) = postSolution
		SolutionGuid = {49A212B8-4B93-43D4-8BE6-40A83ACE638D}
	EndGlobalSection
EndGlobal
